// !$*UTF8*$!
{
	archiveVersion = 1;
	classes = {
	};
	objectVersion = 46;
	objects = {

/* Begin PBXBuildFile section */
		8D4DF01076F428F930D5F618 /* SingletonBar.m in Sources */ = {isa = PBXBuildFile; fileRef = 8D4DF9DC81B98F9691083D19 /* SingletonBar.m */; };
		8D4DF146ED667D95D1DF0988 /* SDReflectorSpec.m in Sources */ = {isa = PBXBuildFile; fileRef = 8D4DF6A3F6A5995B2F738664 /* SDReflectorSpec.m */; };
		8D4DF2A2981CB7D21CDF24E5 /* SDInjector.m in Sources */ = {isa = PBXBuildFile; fileRef = 8D4DFDA09285E1DDE8DE4336 /* SDInjector.m */; };
		8D4DF3200F9EA970549817CB /* HybridMotor.m in Sources */ = {isa = PBXBuildFile; fileRef = 8D4DF63F37B2E4C6646406D7 /* HybridMotor.m */; };
		8D4DF3A9C2370B77255EB0AC /* SDReflector.m in Sources */ = {isa = PBXBuildFile; fileRef = 8D4DFE7AED8C0DBBB4A3D3EF /* SDReflector.m */; };
		8D4DF47818B1A70AFFCC0802 /* Wheel.m in Sources */ = {isa = PBXBuildFile; fileRef = 8D4DF2853D9FEB7A3A7C4F79 /* Wheel.m */; };
		8D4DF835DBDF8FB7BF2E733F /* SDInjectorClassEntry.m in Sources */ = {isa = PBXBuildFile; fileRef = 8D4DF3A76C0A870CEB51C83E /* SDInjectorClassEntry.m */; };
		8D4DF869F8886F67550C6D84 /* SDInjectorEntry.m in Sources */ = {isa = PBXBuildFile; fileRef = 8D4DF2AD1D8EFD2D4AF8FCB4 /* SDInjectorEntry.m */; };
		8D4DF9033AB98407B035F260 /* SDInjectorSpec.m in Sources */ = {isa = PBXBuildFile; fileRef = 8D4DFA913A04026C568605D8 /* SDInjectorSpec.m */; };
		8D4DF9E8000002D3294AAA83 /* SDInjectorInstanceEntry.m in Sources */ = {isa = PBXBuildFile; fileRef = 8D4DFC46923C9F3F27494932 /* SDInjectorInstanceEntry.m */; };
		8D4DF9EA24C9EC05E77AB079 /* Garage.m in Sources */ = {isa = PBXBuildFile; fileRef = 8D4DFD20DD9421DCC79DBBC5 /* Garage.m */; };
		8D4DFA3A92182C43B24E58EC /* SingletonFoo.m in Sources */ = {isa = PBXBuildFile; fileRef = 8D4DF03D159AB2E746074167 /* SingletonFoo.m */; };
		8D4DFE7124A5573B48CCAE9B /* Car.m in Sources */ = {isa = PBXBuildFile; fileRef = 8D4DFDF089CFD1E95DA507FB /* Car.m */; };
		8D4DFF0EC381C643E012D2CA /* GarageSpec.m in Sources */ = {isa = PBXBuildFile; fileRef = 8D4DFCB82259097306CC192A /* GarageSpec.m */; };
		9C3C70F11B41406DAFE68394 /* libPods-Gummi-DITests.a in Frameworks */ = {isa = PBXBuildFile; fileRef = 9E2F37604DD54BCFB7A5482F /* libPods-Gummi-DITests.a */; };
		CBFB674F167B4FEF00BF2D02 /* UIKit.framework in Frameworks */ = {isa = PBXBuildFile; fileRef = CBFB674E167B4FEF00BF2D02 /* UIKit.framework */; };
		CBFB6751167B4FEF00BF2D02 /* Foundation.framework in Frameworks */ = {isa = PBXBuildFile; fileRef = CBFB6750167B4FEF00BF2D02 /* Foundation.framework */; };
		CBFB6753167B4FEF00BF2D02 /* CoreGraphics.framework in Frameworks */ = {isa = PBXBuildFile; fileRef = CBFB6752167B4FEF00BF2D02 /* CoreGraphics.framework */; };
		CBFB6759167B4FEF00BF2D02 /* InfoPlist.strings in Resources */ = {isa = PBXBuildFile; fileRef = CBFB6757167B4FEF00BF2D02 /* InfoPlist.strings */; };
		CBFB675B167B4FEF00BF2D02 /* main.m in Sources */ = {isa = PBXBuildFile; fileRef = CBFB675A167B4FEF00BF2D02 /* main.m */; };
		CBFB675F167B4FEF00BF2D02 /* AppDelegate.m in Sources */ = {isa = PBXBuildFile; fileRef = CBFB675E167B4FEF00BF2D02 /* AppDelegate.m */; };
		CBFB6761167B4FEF00BF2D02 /* Default.png in Resources */ = {isa = PBXBuildFile; fileRef = CBFB6760167B4FEF00BF2D02 /* Default.png */; };
		CBFB6763167B4FEF00BF2D02 /* Default@2x.png in Resources */ = {isa = PBXBuildFile; fileRef = CBFB6762167B4FEF00BF2D02 /* Default@2x.png */; };
		CBFB6765167B4FEF00BF2D02 /* Default-568h@2x.png in Resources */ = {isa = PBXBuildFile; fileRef = CBFB6764167B4FEF00BF2D02 /* Default-568h@2x.png */; };
		CBFB676D167B4FEF00BF2D02 /* SenTestingKit.framework in Frameworks */ = {isa = PBXBuildFile; fileRef = CBFB676C167B4FEF00BF2D02 /* SenTestingKit.framework */; };
		CBFB676E167B4FEF00BF2D02 /* UIKit.framework in Frameworks */ = {isa = PBXBuildFile; fileRef = CBFB674E167B4FEF00BF2D02 /* UIKit.framework */; };
		CBFB676F167B4FEF00BF2D02 /* Foundation.framework in Frameworks */ = {isa = PBXBuildFile; fileRef = CBFB6750167B4FEF00BF2D02 /* Foundation.framework */; };
		CBFB6777167B4FEF00BF2D02 /* InfoPlist.strings in Resources */ = {isa = PBXBuildFile; fileRef = CBFB6775167B4FEF00BF2D02 /* InfoPlist.strings */; };
		CBFB677A167B4FEF00BF2D02 /* CarSpec.m in Sources */ = {isa = PBXBuildFile; fileRef = CBFB6779167B4FEF00BF2D02 /* CarSpec.m */; };
/* End PBXBuildFile section */

/* Begin PBXContainerItemProxy section */
		CBFB6770167B4FEF00BF2D02 /* PBXContainerItemProxy */ = {
			isa = PBXContainerItemProxy;
			containerPortal = CBFB6741167B4FEF00BF2D02 /* Project object */;
			proxyType = 1;
			remoteGlobalIDString = CBFB6749167B4FEF00BF2D02;
			remoteInfo = "Gummi-DI";
		};
/* End PBXContainerItemProxy section */

/* Begin PBXFileReference section */
		03636FCD5C8748CCAC2F9613 /* Pods-Gummi-DITests.xcconfig */ = {isa = PBXFileReference; includeInIndex = 1; lastKnownFileType = text.xcconfig; name = "Pods-Gummi-DITests.xcconfig"; path = "Pods/Pods-Gummi-DITests.xcconfig"; sourceTree = SOURCE_ROOT; };
		8D4DF03D159AB2E746074167 /* SingletonFoo.m */ = {isa = PBXFileReference; fileEncoding = 4; lastKnownFileType = sourcecode.c.objc; path = SingletonFoo.m; sourceTree = "<group>"; };
		8D4DF074C84C888B38D8BA68 /* SDInjectorInstanceEntry.h */ = {isa = PBXFileReference; fileEncoding = 4; lastKnownFileType = sourcecode.c.h; path = SDInjectorInstanceEntry.h; sourceTree = "<group>"; };
		8D4DF2853D9FEB7A3A7C4F79 /* Wheel.m */ = {isa = PBXFileReference; fileEncoding = 4; lastKnownFileType = sourcecode.c.objc; name = Wheel.m; path = Wheel.m; sourceTree = "<group>"; };
		8D4DF2AD1D8EFD2D4AF8FCB4 /* SDInjectorEntry.m */ = {isa = PBXFileReference; fileEncoding = 4; lastKnownFileType = sourcecode.c.objc; path = SDInjectorEntry.m; sourceTree = "<group>"; };
		8D4DF2CEE9D443880FB1F363 /* SingletonBar.h */ = {isa = PBXFileReference; fileEncoding = 4; lastKnownFileType = sourcecode.c.h; path = SingletonBar.h; sourceTree = "<group>"; };
		8D4DF3A76C0A870CEB51C83E /* SDInjectorClassEntry.m */ = {isa = PBXFileReference; fileEncoding = 4; lastKnownFileType = sourcecode.c.objc; path = SDInjectorClassEntry.m; sourceTree = "<group>"; };
		8D4DF3CD5BB09268F76ABF06 /* SDInjector.h */ = {isa = PBXFileReference; fileEncoding = 4; lastKnownFileType = sourcecode.c.h; path = SDInjector.h; sourceTree = "<group>"; };
		8D4DF3EB4650A769C94AE984 /* Car.h */ = {isa = PBXFileReference; fileEncoding = 4; lastKnownFileType = sourcecode.c.h; path = Car.h; sourceTree = "<group>"; };
		8D4DF42E9F485BD123BBC367 /* Wheel.h */ = {isa = PBXFileReference; fileEncoding = 4; lastKnownFileType = sourcecode.c.h; name = Wheel.h; path = Wheel.h; sourceTree = "<group>"; };
		8D4DF4433173206CB3CE3DEA /* HybridMotor.h */ = {isa = PBXFileReference; fileEncoding = 4; lastKnownFileType = sourcecode.c.h; path = HybridMotor.h; sourceTree = "<group>"; };
		8D4DF4BA3032E7F968B14057 /* Vehicle.h */ = {isa = PBXFileReference; fileEncoding = 4; lastKnownFileType = sourcecode.c.h; path = Vehicle.h; sourceTree = "<group>"; };
		8D4DF63F37B2E4C6646406D7 /* HybridMotor.m */ = {isa = PBXFileReference; fileEncoding = 4; lastKnownFileType = sourcecode.c.objc; path = HybridMotor.m; sourceTree = "<group>"; };
		8D4DF6A3F6A5995B2F738664 /* SDReflectorSpec.m */ = {isa = PBXFileReference; fileEncoding = 4; lastKnownFileType = sourcecode.c.objc; path = SDReflectorSpec.m; sourceTree = "<group>"; };
		8D4DF6EAF4A0E406A3A46EA4 /* Motor.h */ = {isa = PBXFileReference; fileEncoding = 4; lastKnownFileType = sourcecode.c.h; path = Motor.h; sourceTree = "<group>"; };
		8D4DF842FED06BCE69213A93 /* SDInjectorClassEntry.h */ = {isa = PBXFileReference; fileEncoding = 4; lastKnownFileType = sourcecode.c.h; path = SDInjectorClassEntry.h; sourceTree = "<group>"; };
		8D4DF9DC81B98F9691083D19 /* SingletonBar.m */ = {isa = PBXFileReference; fileEncoding = 4; lastKnownFileType = sourcecode.c.objc; path = SingletonBar.m; sourceTree = "<group>"; };
		8D4DF9EFAE11EEC84C87518F /* Garage.h */ = {isa = PBXFileReference; fileEncoding = 4; lastKnownFileType = sourcecode.c.h; path = Garage.h; sourceTree = "<group>"; };
		8D4DFA084E642FBEED9058E5 /* SingletonFoo.h */ = {isa = PBXFileReference; fileEncoding = 4; lastKnownFileType = sourcecode.c.h; path = SingletonFoo.h; sourceTree = "<group>"; };
		8D4DFA913A04026C568605D8 /* SDInjectorSpec.m */ = {isa = PBXFileReference; fileEncoding = 4; lastKnownFileType = sourcecode.c.objc; path = SDInjectorSpec.m; sourceTree = "<group>"; };
		8D4DFABE2C6FC143D1A6C2DC /* SDInjectorEntry.h */ = {isa = PBXFileReference; fileEncoding = 4; lastKnownFileType = sourcecode.c.h; path = SDInjectorEntry.h; sourceTree = "<group>"; };
		8D4DFC46923C9F3F27494932 /* SDInjectorInstanceEntry.m */ = {isa = PBXFileReference; fileEncoding = 4; lastKnownFileType = sourcecode.c.objc; path = SDInjectorInstanceEntry.m; sourceTree = "<group>"; };
		8D4DFCB82259097306CC192A /* GarageSpec.m */ = {isa = PBXFileReference; fileEncoding = 4; lastKnownFileType = sourcecode.c.objc; path = GarageSpec.m; sourceTree = "<group>"; };
		8D4DFD20DD9421DCC79DBBC5 /* Garage.m */ = {isa = PBXFileReference; fileEncoding = 4; lastKnownFileType = sourcecode.c.objc; path = Garage.m; sourceTree = "<group>"; };
		8D4DFD352F7D8B14CD3688FD /* SDReflector.h */ = {isa = PBXFileReference; fileEncoding = 4; lastKnownFileType = sourcecode.c.h; path = SDReflector.h; sourceTree = "<group>"; };
		8D4DFDA09285E1DDE8DE4336 /* SDInjector.m */ = {isa = PBXFileReference; fileEncoding = 4; lastKnownFileType = sourcecode.c.objc; path = SDInjector.m; sourceTree = "<group>"; };
		8D4DFDF089CFD1E95DA507FB /* Car.m */ = {isa = PBXFileReference; fileEncoding = 4; lastKnownFileType = sourcecode.c.objc; path = Car.m; sourceTree = "<group>"; };
		8D4DFE7AED8C0DBBB4A3D3EF /* SDReflector.m */ = {isa = PBXFileReference; fileEncoding = 4; lastKnownFileType = sourcecode.c.objc; path = SDReflector.m; sourceTree = "<group>"; };
		9E2F37604DD54BCFB7A5482F /* libPods-Gummi-DITests.a */ = {isa = PBXFileReference; explicitFileType = archive.ar; includeInIndex = 0; path = "libPods-Gummi-DITests.a"; sourceTree = BUILT_PRODUCTS_DIR; };
		CBFB674A167B4FEF00BF2D02 /* Gummi-DI.app */ = {isa = PBXFileReference; explicitFileType = wrapper.application; includeInIndex = 0; path = "Gummi-DI.app"; sourceTree = BUILT_PRODUCTS_DIR; };
		CBFB674E167B4FEF00BF2D02 /* UIKit.framework */ = {isa = PBXFileReference; lastKnownFileType = wrapper.framework; name = UIKit.framework; path = System/Library/Frameworks/UIKit.framework; sourceTree = SDKROOT; };
		CBFB6750167B4FEF00BF2D02 /* Foundation.framework */ = {isa = PBXFileReference; lastKnownFileType = wrapper.framework; name = Foundation.framework; path = System/Library/Frameworks/Foundation.framework; sourceTree = SDKROOT; };
		CBFB6752167B4FEF00BF2D02 /* CoreGraphics.framework */ = {isa = PBXFileReference; lastKnownFileType = wrapper.framework; name = CoreGraphics.framework; path = System/Library/Frameworks/CoreGraphics.framework; sourceTree = SDKROOT; };
		CBFB6756167B4FEF00BF2D02 /* Gummi-DI-Info.plist */ = {isa = PBXFileReference; lastKnownFileType = text.plist.xml; path = "Gummi-DI-Info.plist"; sourceTree = "<group>"; };
		CBFB6758167B4FEF00BF2D02 /* en */ = {isa = PBXFileReference; lastKnownFileType = text.plist.strings; name = en; path = en.lproj/InfoPlist.strings; sourceTree = "<group>"; };
		CBFB675A167B4FEF00BF2D02 /* main.m */ = {isa = PBXFileReference; lastKnownFileType = sourcecode.c.objc; path = main.m; sourceTree = "<group>"; };
		CBFB675C167B4FEF00BF2D02 /* Gummi-DI-Prefix.pch */ = {isa = PBXFileReference; lastKnownFileType = sourcecode.c.h; path = "Gummi-DI-Prefix.pch"; sourceTree = "<group>"; };
		CBFB675D167B4FEF00BF2D02 /* AppDelegate.h */ = {isa = PBXFileReference; lastKnownFileType = sourcecode.c.h; path = AppDelegate.h; sourceTree = "<group>"; };
		CBFB675E167B4FEF00BF2D02 /* AppDelegate.m */ = {isa = PBXFileReference; lastKnownFileType = sourcecode.c.objc; path = AppDelegate.m; sourceTree = "<group>"; };
		CBFB6760167B4FEF00BF2D02 /* Default.png */ = {isa = PBXFileReference; lastKnownFileType = image.png; path = Default.png; sourceTree = "<group>"; };
		CBFB6762167B4FEF00BF2D02 /* Default@2x.png */ = {isa = PBXFileReference; lastKnownFileType = image.png; path = "Default@2x.png"; sourceTree = "<group>"; };
		CBFB6764167B4FEF00BF2D02 /* Default-568h@2x.png */ = {isa = PBXFileReference; lastKnownFileType = image.png; path = "Default-568h@2x.png"; sourceTree = "<group>"; };
		CBFB676B167B4FEF00BF2D02 /* Gummi-DITests.octest */ = {isa = PBXFileReference; explicitFileType = wrapper.cfbundle; includeInIndex = 0; path = "Gummi-DITests.octest"; sourceTree = BUILT_PRODUCTS_DIR; };
		CBFB676C167B4FEF00BF2D02 /* SenTestingKit.framework */ = {isa = PBXFileReference; lastKnownFileType = wrapper.framework; name = SenTestingKit.framework; path = Library/Frameworks/SenTestingKit.framework; sourceTree = DEVELOPER_DIR; };
		CBFB6774167B4FEF00BF2D02 /* Gummi-DITests-Info.plist */ = {isa = PBXFileReference; lastKnownFileType = text.plist.xml; path = "Gummi-DITests-Info.plist"; sourceTree = "<group>"; };
		CBFB6776167B4FEF00BF2D02 /* en */ = {isa = PBXFileReference; lastKnownFileType = text.plist.strings; name = en; path = en.lproj/InfoPlist.strings; sourceTree = "<group>"; };
		CBFB6779167B4FEF00BF2D02 /* CarSpec.m */ = {isa = PBXFileReference; lastKnownFileType = sourcecode.c.objc; path = CarSpec.m; sourceTree = "<group>"; };
/* End PBXFileReference section */

/* Begin PBXFrameworksBuildPhase section */
		CBFB6747167B4FEF00BF2D02 /* Frameworks */ = {
			isa = PBXFrameworksBuildPhase;
			buildActionMask = 2147483647;
			files = (
				CBFB674F167B4FEF00BF2D02 /* UIKit.framework in Frameworks */,
				CBFB6751167B4FEF00BF2D02 /* Foundation.framework in Frameworks */,
				CBFB6753167B4FEF00BF2D02 /* CoreGraphics.framework in Frameworks */,
			);
			runOnlyForDeploymentPostprocessing = 0;
		};
		CBFB6767167B4FEF00BF2D02 /* Frameworks */ = {
			isa = PBXFrameworksBuildPhase;
			buildActionMask = 2147483647;
			files = (
				CBFB676D167B4FEF00BF2D02 /* SenTestingKit.framework in Frameworks */,
				CBFB676E167B4FEF00BF2D02 /* UIKit.framework in Frameworks */,
				CBFB676F167B4FEF00BF2D02 /* Foundation.framework in Frameworks */,
				9C3C70F11B41406DAFE68394 /* libPods-Gummi-DITests.a in Frameworks */,
			);
			runOnlyForDeploymentPostprocessing = 0;
		};
/* End PBXFrameworksBuildPhase section */

/* Begin PBXGroup section */
		8D4DF0D3C3F42B29DA8609DF /* Classes */ = {
			isa = PBXGroup;
			children = (
				8D4DFDA09285E1DDE8DE4336 /* SDInjector.m */,
				8D4DF3CD5BB09268F76ABF06 /* SDInjector.h */,
				8D4DF6D9B218B5BB0298392F /* InjectorEntries */,
				8D4DFE7AED8C0DBBB4A3D3EF /* SDReflector.m */,
				8D4DFD352F7D8B14CD3688FD /* SDReflector.h */,
			);
			path = Classes;
			sourceTree = "<group>";
		};
		8D4DF2BE7F2A9B59DF89AD50 /* Classes */ = {
			isa = PBXGroup;
			children = (
				8D4DFDF089CFD1E95DA507FB /* Car.m */,
				8D4DF3EB4650A769C94AE984 /* Car.h */,
				8D4DF42E9F485BD123BBC367 /* Wheel.h */,
				8D4DF2853D9FEB7A3A7C4F79 /* Wheel.m */,
				8D4DF6EAF4A0E406A3A46EA4 /* Motor.h */,
				8D4DFD20DD9421DCC79DBBC5 /* Garage.m */,
				8D4DF9EFAE11EEC84C87518F /* Garage.h */,
				8D4DF4BA3032E7F968B14057 /* Vehicle.h */,
				8D4DFA084E642FBEED9058E5 /* SingletonFoo.h */,
				8D4DF03D159AB2E746074167 /* SingletonFoo.m */,
				8D4DF9DC81B98F9691083D19 /* SingletonBar.m */,
				8D4DF2CEE9D443880FB1F363 /* SingletonBar.h */,
				8D4DF63F37B2E4C6646406D7 /* HybridMotor.m */,
				8D4DF4433173206CB3CE3DEA /* HybridMotor.h */,
			);
			path = Classes;
			sourceTree = "<group>";
		};
		8D4DF6D9B218B5BB0298392F /* InjectorEntries */ = {
			isa = PBXGroup;
			children = (
				8D4DF842FED06BCE69213A93 /* SDInjectorClassEntry.h */,
				8D4DF3A76C0A870CEB51C83E /* SDInjectorClassEntry.m */,
				8D4DFABE2C6FC143D1A6C2DC /* SDInjectorEntry.h */,
				8D4DF2AD1D8EFD2D4AF8FCB4 /* SDInjectorEntry.m */,
				8D4DFC46923C9F3F27494932 /* SDInjectorInstanceEntry.m */,
				8D4DF074C84C888B38D8BA68 /* SDInjectorInstanceEntry.h */,
			);
			path = InjectorEntries;
			sourceTree = "<group>";
		};
		CBFB673F167B4FEF00BF2D02 = {
			isa = PBXGroup;
			children = (
				CBFB6754167B4FEF00BF2D02 /* Gummi-DI */,
				CBFB6772167B4FEF00BF2D02 /* Gummi-DITests */,
				CBFB674D167B4FEF00BF2D02 /* Frameworks */,
				CBFB674B167B4FEF00BF2D02 /* Products */,
				03636FCD5C8748CCAC2F9613 /* Pods-Gummi-DITests.xcconfig */,
			);
			sourceTree = "<group>";
		};
		CBFB674B167B4FEF00BF2D02 /* Products */ = {
			isa = PBXGroup;
			children = (
				CBFB674A167B4FEF00BF2D02 /* Gummi-DI.app */,
				CBFB676B167B4FEF00BF2D02 /* Gummi-DITests.octest */,
			);
			name = Products;
			sourceTree = "<group>";
		};
		CBFB674D167B4FEF00BF2D02 /* Frameworks */ = {
			isa = PBXGroup;
			children = (
				CBFB674E167B4FEF00BF2D02 /* UIKit.framework */,
				CBFB6750167B4FEF00BF2D02 /* Foundation.framework */,
				CBFB6752167B4FEF00BF2D02 /* CoreGraphics.framework */,
				CBFB676C167B4FEF00BF2D02 /* SenTestingKit.framework */,
				9E2F37604DD54BCFB7A5482F /* libPods-Gummi-DITests.a */,
			);
			name = Frameworks;
			sourceTree = "<group>";
		};
		CBFB6754167B4FEF00BF2D02 /* Gummi-DI */ = {
			isa = PBXGroup;
			children = (
				CBFB675D167B4FEF00BF2D02 /* AppDelegate.h */,
				CBFB675E167B4FEF00BF2D02 /* AppDelegate.m */,
				CBFB6755167B4FEF00BF2D02 /* Supporting Files */,
				8D4DF0D3C3F42B29DA8609DF /* Classes */,
			);
			path = "Gummi-DI";
			sourceTree = "<group>";
		};
		CBFB6755167B4FEF00BF2D02 /* Supporting Files */ = {
			isa = PBXGroup;
			children = (
				CBFB6756167B4FEF00BF2D02 /* Gummi-DI-Info.plist */,
				CBFB6757167B4FEF00BF2D02 /* InfoPlist.strings */,
				CBFB675A167B4FEF00BF2D02 /* main.m */,
				CBFB675C167B4FEF00BF2D02 /* Gummi-DI-Prefix.pch */,
				CBFB6760167B4FEF00BF2D02 /* Default.png */,
				CBFB6762167B4FEF00BF2D02 /* Default@2x.png */,
				CBFB6764167B4FEF00BF2D02 /* Default-568h@2x.png */,
			);
			name = "Supporting Files";
			sourceTree = "<group>";
		};
		CBFB6772167B4FEF00BF2D02 /* Gummi-DITests */ = {
			isa = PBXGroup;
			children = (
				CBFB6779167B4FEF00BF2D02 /* CarSpec.m */,
				CBFB6773167B4FEF00BF2D02 /* Supporting Files */,
				8D4DF2BE7F2A9B59DF89AD50 /* Classes */,
				8D4DFA913A04026C568605D8 /* SDInjectorSpec.m */,
				8D4DFCB82259097306CC192A /* GarageSpec.m */,
				8D4DF6A3F6A5995B2F738664 /* SDReflectorSpec.m */,
			);
			path = "Gummi-DITests";
			sourceTree = "<group>";
		};
		CBFB6773167B4FEF00BF2D02 /* Supporting Files */ = {
			isa = PBXGroup;
			children = (
				CBFB6774167B4FEF00BF2D02 /* Gummi-DITests-Info.plist */,
				CBFB6775167B4FEF00BF2D02 /* InfoPlist.strings */,
			);
			name = "Supporting Files";
			sourceTree = "<group>";
		};
/* End PBXGroup section */

/* Begin PBXNativeTarget section */
		CBFB6749167B4FEF00BF2D02 /* Gummi-DI */ = {
			isa = PBXNativeTarget;
			buildConfigurationList = CBFB677D167B4FEF00BF2D02 /* Build configuration list for PBXNativeTarget "Gummi-DI" */;
			buildPhases = (
				CBFB6746167B4FEF00BF2D02 /* Sources */,
				CBFB6747167B4FEF00BF2D02 /* Frameworks */,
				CBFB6748167B4FEF00BF2D02 /* Resources */,
			);
			buildRules = (
			);
			dependencies = (
			);
			name = "Gummi-DI";
			productName = "Gummi-DI";
			productReference = CBFB674A167B4FEF00BF2D02 /* Gummi-DI.app */;
			productType = "com.apple.product-type.application";
		};
		CBFB676A167B4FEF00BF2D02 /* Gummi-DITests */ = {
			isa = PBXNativeTarget;
			buildConfigurationList = CBFB6780167B4FEF00BF2D02 /* Build configuration list for PBXNativeTarget "Gummi-DITests" */;
			buildPhases = (
				CBFB6766167B4FEF00BF2D02 /* Sources */,
				CBFB6767167B4FEF00BF2D02 /* Frameworks */,
				CBFB6768167B4FEF00BF2D02 /* Resources */,
				CBFB6769167B4FEF00BF2D02 /* ShellScript */,
				C9824DB7E0514DB08074177F /* Copy Pods Resources */,
			);
			buildRules = (
			);
			dependencies = (
				CBFB6771167B4FEF00BF2D02 /* PBXTargetDependency */,
			);
			name = "Gummi-DITests";
			productName = "Gummi-DITests";
			productReference = CBFB676B167B4FEF00BF2D02 /* Gummi-DITests.octest */;
			productType = "com.apple.product-type.bundle";
		};
/* End PBXNativeTarget section */

/* Begin PBXProject section */
		CBFB6741167B4FEF00BF2D02 /* Project object */ = {
			isa = PBXProject;
			attributes = {
				LastUpgradeCheck = 0450;
				ORGANIZATIONNAME = "Simon Schmid";
			};
			buildConfigurationList = CBFB6744167B4FEF00BF2D02 /* Build configuration list for PBXProject "Gummi-DI" */;
			compatibilityVersion = "Xcode 3.2";
			developmentRegion = English;
			hasScannedForEncodings = 0;
			knownRegions = (
				en,
			);
			mainGroup = CBFB673F167B4FEF00BF2D02;
			productRefGroup = CBFB674B167B4FEF00BF2D02 /* Products */;
			projectDirPath = "";
			projectRoot = "";
			targets = (
				CBFB6749167B4FEF00BF2D02 /* Gummi-DI */,
				CBFB676A167B4FEF00BF2D02 /* Gummi-DITests */,
			);
		};
/* End PBXProject section */

/* Begin PBXResourcesBuildPhase section */
		CBFB6748167B4FEF00BF2D02 /* Resources */ = {
			isa = PBXResourcesBuildPhase;
			buildActionMask = 2147483647;
			files = (
				CBFB6759167B4FEF00BF2D02 /* InfoPlist.strings in Resources */,
				CBFB6761167B4FEF00BF2D02 /* Default.png in Resources */,
				CBFB6763167B4FEF00BF2D02 /* Default@2x.png in Resources */,
				CBFB6765167B4FEF00BF2D02 /* Default-568h@2x.png in Resources */,
			);
			runOnlyForDeploymentPostprocessing = 0;
		};
		CBFB6768167B4FEF00BF2D02 /* Resources */ = {
			isa = PBXResourcesBuildPhase;
			buildActionMask = 2147483647;
			files = (
				CBFB6777167B4FEF00BF2D02 /* InfoPlist.strings in Resources */,
			);
			runOnlyForDeploymentPostprocessing = 0;
		};
/* End PBXResourcesBuildPhase section */

/* Begin PBXShellScriptBuildPhase section */
		C9824DB7E0514DB08074177F /* Copy Pods Resources */ = {
			isa = PBXShellScriptBuildPhase;
			buildActionMask = 2147483647;
			files = (
			);
			inputPaths = (
			);
			name = "Copy Pods Resources";
			outputPaths = (
			);
			runOnlyForDeploymentPostprocessing = 0;
			shellPath = /bin/sh;
			shellScript = "\"${SRCROOT}/Pods/Pods-Gummi-DITests-resources.sh\"\n";
		};
		CBFB6769167B4FEF00BF2D02 /* ShellScript */ = {
			isa = PBXShellScriptBuildPhase;
			buildActionMask = 2147483647;
			files = (
			);
			inputPaths = (
			);
			outputPaths = (
			);
			runOnlyForDeploymentPostprocessing = 0;
			shellPath = /bin/sh;
			shellScript = "# Run the unit tests in this test bundle.\n\"${SYSTEM_DEVELOPER_DIR}/Tools/RunUnitTests\"\n";
		};
/* End PBXShellScriptBuildPhase section */

/* Begin PBXSourcesBuildPhase section */
		CBFB6746167B4FEF00BF2D02 /* Sources */ = {
			isa = PBXSourcesBuildPhase;
			buildActionMask = 2147483647;
			files = (
				CBFB675B167B4FEF00BF2D02 /* main.m in Sources */,
				CBFB675F167B4FEF00BF2D02 /* AppDelegate.m in Sources */,
				8D4DF2A2981CB7D21CDF24E5 /* SDInjector.m in Sources */,
				8D4DF869F8886F67550C6D84 /* SDInjectorEntry.m in Sources */,
				8D4DF835DBDF8FB7BF2E733F /* SDInjectorClassEntry.m in Sources */,
				8D4DF9E8000002D3294AAA83 /* SDInjectorInstanceEntry.m in Sources */,
				8D4DF3A9C2370B77255EB0AC /* SDReflector.m in Sources */,
			);
			runOnlyForDeploymentPostprocessing = 0;
		};
		CBFB6766167B4FEF00BF2D02 /* Sources */ = {
			isa = PBXSourcesBuildPhase;
			buildActionMask = 2147483647;
			files = (
				CBFB677A167B4FEF00BF2D02 /* CarSpec.m in Sources */,
				8D4DFE7124A5573B48CCAE9B /* Car.m in Sources */,
				8D4DF47818B1A70AFFCC0802 /* Wheel.m in Sources */,
				8D4DF9033AB98407B035F260 /* SDInjectorSpec.m in Sources */,
				8D4DF9EA24C9EC05E77AB079 /* Garage.m in Sources */,
				8D4DFF0EC381C643E012D2CA /* GarageSpec.m in Sources */,
				8D4DFA3A92182C43B24E58EC /* SingletonFoo.m in Sources */,
				8D4DF01076F428F930D5F618 /* SingletonBar.m in Sources */,
				8D4DF3200F9EA970549817CB /* HybridMotor.m in Sources */,
				8D4DF146ED667D95D1DF0988 /* SDReflectorSpec.m in Sources */,
			);
			runOnlyForDeploymentPostprocessing = 0;
		};
/* End PBXSourcesBuildPhase section */

/* Begin PBXTargetDependency section */
		CBFB6771167B4FEF00BF2D02 /* PBXTargetDependency */ = {
			isa = PBXTargetDependency;
			target = CBFB6749167B4FEF00BF2D02 /* Gummi-DI */;
			targetProxy = CBFB6770167B4FEF00BF2D02 /* PBXContainerItemProxy */;
		};
/* End PBXTargetDependency section */

/* Begin PBXVariantGroup section */
		CBFB6757167B4FEF00BF2D02 /* InfoPlist.strings */ = {
			isa = PBXVariantGroup;
			children = (
				CBFB6758167B4FEF00BF2D02 /* en */,
			);
			name = InfoPlist.strings;
			sourceTree = "<group>";
		};
		CBFB6775167B4FEF00BF2D02 /* InfoPlist.strings */ = {
			isa = PBXVariantGroup;
			children = (
				CBFB6776167B4FEF00BF2D02 /* en */,
			);
			name = InfoPlist.strings;
			sourceTree = "<group>";
		};
/* End PBXVariantGroup section */

/* Begin XCBuildConfiguration section */
		CBFB677B167B4FEF00BF2D02 /* Debug */ = {
			isa = XCBuildConfiguration;
			buildSettings = {
				ALWAYS_SEARCH_USER_PATHS = NO;
				CLANG_CXX_LANGUAGE_STANDARD = "gnu++0x";
				CLANG_CXX_LIBRARY = "libc++";
				CLANG_ENABLE_OBJC_ARC = YES;
				CLANG_WARN_EMPTY_BODY = YES;
				CLANG_WARN__DUPLICATE_METHOD_MATCH = YES;
				"CODE_SIGN_IDENTITY[sdk=iphoneos*]" = "iPhone Developer";
				COPY_PHASE_STRIP = NO;
				GCC_C_LANGUAGE_STANDARD = gnu99;
				GCC_DYNAMIC_NO_PIC = NO;
				GCC_OPTIMIZATION_LEVEL = 0;
				GCC_PREPROCESSOR_DEFINITIONS = (
					"DEBUG=1",
					"$(inherited)",
				);
				GCC_SYMBOLS_PRIVATE_EXTERN = NO;
				GCC_WARN_ABOUT_RETURN_TYPE = YES;
				GCC_WARN_UNINITIALIZED_AUTOS = YES;
				GCC_WARN_UNUSED_VARIABLE = YES;
				IPHONEOS_DEPLOYMENT_TARGET = 6.0;
				ONLY_ACTIVE_ARCH = YES;
				SDKROOT = iphoneos;
				TARGETED_DEVICE_FAMILY = "1,2";
			};
			name = Debug;
		};
		CBFB677C167B4FEF00BF2D02 /* Release */ = {
			isa = XCBuildConfiguration;
			buildSettings = {
				ALWAYS_SEARCH_USER_PATHS = NO;
				CLANG_CXX_LANGUAGE_STANDARD = "gnu++0x";
				CLANG_CXX_LIBRARY = "libc++";
				CLANG_ENABLE_OBJC_ARC = YES;
				CLANG_WARN_EMPTY_BODY = YES;
				CLANG_WARN__DUPLICATE_METHOD_MATCH = YES;
				"CODE_SIGN_IDENTITY[sdk=iphoneos*]" = "iPhone Developer";
				COPY_PHASE_STRIP = YES;
				GCC_C_LANGUAGE_STANDARD = gnu99;
				GCC_WARN_ABOUT_RETURN_TYPE = YES;
				GCC_WARN_UNINITIALIZED_AUTOS = YES;
				GCC_WARN_UNUSED_VARIABLE = YES;
				IPHONEOS_DEPLOYMENT_TARGET = 6.0;
				OTHER_CFLAGS = "-DNS_BLOCK_ASSERTIONS=1";
				SDKROOT = iphoneos;
				TARGETED_DEVICE_FAMILY = "1,2";
				VALIDATE_PRODUCT = YES;
			};
			name = Release;
		};
		CBFB677E167B4FEF00BF2D02 /* Debug */ = {
			isa = XCBuildConfiguration;
			buildSettings = {
				GCC_PRECOMPILE_PREFIX_HEADER = YES;
				GCC_PREFIX_HEADER = "Gummi-DI/Gummi-DI-Prefix.pch";
				INFOPLIST_FILE = "Gummi-DI/Gummi-DI-Info.plist";
				PRODUCT_NAME = "$(TARGET_NAME)";
				WRAPPER_EXTENSION = app;
			};
			name = Debug;
		};
		CBFB677F167B4FEF00BF2D02 /* Release */ = {
			isa = XCBuildConfiguration;
			buildSettings = {
				GCC_PRECOMPILE_PREFIX_HEADER = YES;
				GCC_PREFIX_HEADER = "Gummi-DI/Gummi-DI-Prefix.pch";
				INFOPLIST_FILE = "Gummi-DI/Gummi-DI-Info.plist";
				PRODUCT_NAME = "$(TARGET_NAME)";
				WRAPPER_EXTENSION = app;
			};
			name = Release;
		};
		CBFB6781167B4FEF00BF2D02 /* Debug */ = {
			isa = XCBuildConfiguration;
			baseConfigurationReference = 03636FCD5C8748CCAC2F9613 /* Pods-Gummi-DITests.xcconfig */;
			buildSettings = {
				BUNDLE_LOADER = "$(BUILT_PRODUCTS_DIR)/Gummi-DI.app/Gummi-DI";
				FRAMEWORK_SEARCH_PATHS = (
					"\"$(SDKROOT)/Developer/Library/Frameworks\"",
					"\"$(DEVELOPER_LIBRARY_DIR)/Frameworks\"",
					"\"$(inherited)\"",
				);
				GCC_PRECOMPILE_PREFIX_HEADER = YES;
				GCC_PREFIX_HEADER = "Gummi-DI/Gummi-DI-Prefix.pch";
				INFOPLIST_FILE = "Gummi-DITests/Gummi-DITests-Info.plist";
				PRODUCT_NAME = "$(TARGET_NAME)";
				TEST_HOST = "$(BUNDLE_LOADER)";
				WRAPPER_EXTENSION = octest;
			};
			name = Debug;
		};
		CBFB6782167B4FEF00BF2D02 /* Release */ = {
			isa = XCBuildConfiguration;
			baseConfigurationReference = 03636FCD5C8748CCAC2F9613 /* Pods-Gummi-DITests.xcconfig */;
			buildSettings = {
				BUNDLE_LOADER = "$(BUILT_PRODUCTS_DIR)/Gummi-DI.app/Gummi-DI";
				FRAMEWORK_SEARCH_PATHS = (
					"\"$(SDKROOT)/Developer/Library/Frameworks\"",
					"\"$(DEVELOPER_LIBRARY_DIR)/Frameworks\"",
					"\"$(inherited)\"",
				);
				GCC_PRECOMPILE_PREFIX_HEADER = YES;
				GCC_PREFIX_HEADER = "Gummi-DI/Gummi-DI-Prefix.pch";
				INFOPLIST_FILE = "Gummi-DITests/Gummi-DITests-Info.plist";
				PRODUCT_NAME = "$(TARGET_NAME)";
				TEST_HOST = "$(BUNDLE_LOADER)";
				WRAPPER_EXTENSION = octest;
			};
			name = Release;
		};
/* End XCBuildConfiguration section */

/* Begin XCConfigurationList section */
		CBFB6744167B4FEF00BF2D02 /* Build configuration list for PBXProject "Gummi-DI" */ = {
			isa = XCConfigurationList;
			buildConfigurations = (
				CBFB677B167B4FEF00BF2D02 /* Debug */,
				CBFB677C167B4FEF00BF2D02 /* Release */,
			);
			defaultConfigurationIsVisible = 0;
			defaultConfigurationName = Release;
		};
		CBFB677D167B4FEF00BF2D02 /* Build configuration list for PBXNativeTarget "Gummi-DI" */ = {
			isa = XCConfigurationList;
			buildConfigurations = (
				CBFB677E167B4FEF00BF2D02 /* Debug */,
				CBFB677F167B4FEF00BF2D02 /* Release */,
			);
			defaultConfigurationIsVisible = 0;
			defaultConfigurationName = Release;
		};
		CBFB6780167B4FEF00BF2D02 /* Build configuration list for PBXNativeTarget "Gummi-DITests" */ = {
			isa = XCConfigurationList;
			buildConfigurations = (
				CBFB6781167B4FEF00BF2D02 /* Debug */,
				CBFB6782167B4FEF00BF2D02 /* Release */,
			);
			defaultConfigurationIsVisible = 0;
			defaultConfigurationName = Release;
		};
/* End XCConfigurationList section */
	};
	rootObject = CBFB6741167B4FEF00BF2D02 /* Project object */;
}
